
Microsoft Visual Studio Solution File, Format Version 12.00
Project("{FAE04EC0-301F-11D3-BF4B-00C04F79EFBC}") = "CalculadoraFinancieraCSharp", "CalculadoraFinancieraCSharp\CalculadoraFinancieraCSharp.csproj", "{325FD393-CFBB-44F2-B75C-4AD510A1E4AA}"
EndProject
Global
	GlobalSection(SolutionConfigurationPlatforms) = preSolution
		Debug|Any CPU = Debug|Any CPU
		Release|Any CPU = Release|Any CPU
	EndGlobalSection
	GlobalSection(ProjectConfigurationPlatforms) = postSolution
		{325FD393-CFBB-44F2-B75C-4AD510A1E4AA}.Debug|Any CPU.ActiveCfg = Debug|Any CPU
		{325FD393-CFBB-44F2-B75C-4AD510A1E4AA}.Debug|Any CPU.Build.0 = Debug|Any CPU
		{325FD393-CFBB-44F2-B75C-4AD510A1E4AA}.Release|Any CPU.ActiveCfg = Release|Any CPU
		{325FD393-CFBB-44F2-B75C-4AD510A1E4AA}.Release|Any CPU.Build.0 = Release|Any CPU
	EndGlobalSection
EndGlobal
